// !$*UTF8*$!
{
	archiveVersion = 1;
	classes = {
	};
	objectVersion = 56;
	objects = {

/* Begin PBXBuildFile section */
		8087DF7529899F2E003CDCD1 /* SwiftCalApp.swift in Sources */ = {isa = PBXBuildFile; fileRef = 8087DF7429899F2E003CDCD1 /* SwiftCalApp.swift */; };
		8087DF7729899F2E003CDCD1 /* CalendarView.swift in Sources */ = {isa = PBXBuildFile; fileRef = 8087DF7629899F2E003CDCD1 /* CalendarView.swift */; };
		8087DF7929899F2F003CDCD1 /* Assets.xcassets in Resources */ = {isa = PBXBuildFile; fileRef = 8087DF7829899F2F003CDCD1 /* Assets.xcassets */; };
		8087DF7C29899F2F003CDCD1 /* Preview Assets.xcassets in Resources */ = {isa = PBXBuildFile; fileRef = 8087DF7B29899F2F003CDCD1 /* Preview Assets.xcassets */; };
		8087DF7E29899F2F003CDCD1 /* Persistence.swift in Sources */ = {isa = PBXBuildFile; fileRef = 8087DF7D29899F2F003CDCD1 /* Persistence.swift */; };
		8087DF8129899F2F003CDCD1 /* SwiftCal.xcdatamodeld in Sources */ = {isa = PBXBuildFile; fileRef = 8087DF7F29899F2F003CDCD1 /* SwiftCal.xcdatamodeld */; };
		8087DF882989A786003CDCD1 /* Extensions.swift in Sources */ = {isa = PBXBuildFile; fileRef = 8087DF872989A786003CDCD1 /* Extensions.swift */; };
		8087DF8A2989AF3E003CDCD1 /* StreakView.swift in Sources */ = {isa = PBXBuildFile; fileRef = 8087DF892989AF3E003CDCD1 /* StreakView.swift */; };
/* End PBXBuildFile section */

/* Begin PBXFileReference section */
		8087DF7129899F2E003CDCD1 /* SwiftCal.app */ = {isa = PBXFileReference; explicitFileType = wrapper.application; includeInIndex = 0; path = SwiftCal.app; sourceTree = BUILT_PRODUCTS_DIR; };
		8087DF7429899F2E003CDCD1 /* SwiftCalApp.swift */ = {isa = PBXFileReference; lastKnownFileType = sourcecode.swift; path = SwiftCalApp.swift; sourceTree = "<group>"; };
		8087DF7629899F2E003CDCD1 /* CalendarView.swift */ = {isa = PBXFileReference; lastKnownFileType = sourcecode.swift; path = CalendarView.swift; sourceTree = "<group>"; };
		8087DF7829899F2F003CDCD1 /* Assets.xcassets */ = {isa = PBXFileReference; lastKnownFileType = folder.assetcatalog; path = Assets.xcassets; sourceTree = "<group>"; };
		8087DF7B29899F2F003CDCD1 /* Preview Assets.xcassets */ = {isa = PBXFileReference; lastKnownFileType = folder.assetcatalog; path = "Preview Assets.xcassets"; sourceTree = "<group>"; };
		8087DF7D29899F2F003CDCD1 /* Persistence.swift */ = {isa = PBXFileReference; lastKnownFileType = sourcecode.swift; path = Persistence.swift; sourceTree = "<group>"; };
		8087DF8029899F2F003CDCD1 /* SwiftCal.xcdatamodel */ = {isa = PBXFileReference; lastKnownFileType = wrapper.xcdatamodel; path = SwiftCal.xcdatamodel; sourceTree = "<group>"; };
		8087DF872989A786003CDCD1 /* Extensions.swift */ = {isa = PBXFileReference; lastKnownFileType = sourcecode.swift; path = Extensions.swift; sourceTree = "<group>"; };
		8087DF892989AF3E003CDCD1 /* StreakView.swift */ = {isa = PBXFileReference; lastKnownFileType = sourcecode.swift; path = StreakView.swift; sourceTree = "<group>"; };
/* End PBXFileReference section */

/* Begin PBXFrameworksBuildPhase section */
		8087DF6E29899F2E003CDCD1 /* Frameworks */ = {
			isa = PBXFrameworksBuildPhase;
			buildActionMask = 2147483647;
			files = (
			);
			runOnlyForDeploymentPostprocessing = 0;
		};
/* End PBXFrameworksBuildPhase section */

/* Begin PBXGroup section */
		8087DF6829899F2E003CDCD1 = {
			isa = PBXGroup;
			children = (
				8087DF7329899F2E003CDCD1 /* SwiftCal */,
				8087DF7229899F2E003CDCD1 /* Products */,
			);
			sourceTree = "<group>";
		};
		8087DF7229899F2E003CDCD1 /* Products */ = {
			isa = PBXGroup;
			children = (
				8087DF7129899F2E003CDCD1 /* SwiftCal.app */,
			);
			name = Products;
			sourceTree = "<group>";
		};
		8087DF7329899F2E003CDCD1 /* SwiftCal */ = {
			isa = PBXGroup;
			children = (
				8087DF7429899F2E003CDCD1 /* SwiftCalApp.swift */,
				8087DF7629899F2E003CDCD1 /* CalendarView.swift */,
				8087DF7829899F2F003CDCD1 /* Assets.xcassets */,
				8087DF7D29899F2F003CDCD1 /* Persistence.swift */,
				8087DF7F29899F2F003CDCD1 /* SwiftCal.xcdatamodeld */,
				8087DF7A29899F2F003CDCD1 /* Preview Content */,
				8087DF872989A786003CDCD1 /* Extensions.swift */,
				8087DF892989AF3E003CDCD1 /* StreakView.swift */,
			);
			path = SwiftCal;
			sourceTree = "<group>";
		};
		8087DF7A29899F2F003CDCD1 /* Preview Content */ = {
			isa = PBXGroup;
			children = (
				8087DF7B29899F2F003CDCD1 /* Preview Assets.xcassets */,
			);
			path = "Preview Content";
			sourceTree = "<group>";
		};
/* End PBXGroup section */

/* Begin PBXNativeTarget section */
		8087DF7029899F2E003CDCD1 /* SwiftCal */ = {
			isa = PBXNativeTarget;
			buildConfigurationList = 8087DF8429899F2F003CDCD1 /* Build configuration list for PBXNativeTarget "SwiftCal" */;
			buildPhases = (
				8087DF6D29899F2E003CDCD1 /* Sources */,
				8087DF6E29899F2E003CDCD1 /* Frameworks */,
				8087DF6F29899F2E003CDCD1 /* Resources */,
			);
			buildRules = (
			);
			dependencies = (
			);
			name = SwiftCal;
			productName = SwiftCal;
			productReference = 8087DF7129899F2E003CDCD1 /* SwiftCal.app */;
			productType = "com.apple.product-type.application";
		};
/* End PBXNativeTarget section */

/* Begin PBXProject section */
		8087DF6929899F2E003CDCD1 /* Project object */ = {
			isa = PBXProject;
			attributes = {
				BuildIndependentTargetsInParallel = 1;
				LastSwiftUpdateCheck = 1400;
				LastUpgradeCheck = 1400;
				TargetAttributes = {
					8087DF7029899F2E003CDCD1 = {
						CreatedOnToolsVersion = 14.0;
					};
				};
			};
			buildConfigurationList = 8087DF6C29899F2E003CDCD1 /* Build configuration list for PBXProject "SwiftCal" */;
			compatibilityVersion = "Xcode 14.0";
			developmentRegion = en;
			hasScannedForEncodings = 0;
			knownRegions = (
				en,
				Base,
			);
			mainGroup = 8087DF6829899F2E003CDCD1;
			productRefGroup = 8087DF7229899F2E003CDCD1 /* Products */;
			projectDirPath = "";
			projectRoot = "";
			targets = (
				8087DF7029899F2E003CDCD1 /* SwiftCal */,
			);
		};
/* End PBXProject section */

/* Begin PBXResourcesBuildPhase section */
		8087DF6F29899F2E003CDCD1 /* Resources */ = {
			isa = PBXResourcesBuildPhase;
			buildActionMask = 2147483647;
			files = (
				8087DF7C29899F2F003CDCD1 /* Preview Assets.xcassets in Resources */,
				8087DF7929899F2F003CDCD1 /* Assets.xcassets in Resources */,
			);
			runOnlyForDeploymentPostprocessing = 0;
		};
/* End PBXResourcesBuildPhase section */

/* Begin PBXSourcesBuildPhase section */
		8087DF6D29899F2E003CDCD1 /* Sources */ = {
			isa = PBXSourcesBuildPhase;
			buildActionMask = 2147483647;
			files = (
				8087DF8A2989AF3E003CDCD1 /* StreakView.swift in Sources */,
				8087DF882989A786003CDCD1 /* Extensions.swift in Sources */,
				8087DF7E29899F2F003CDCD1 /* Persistence.swift in Sources */,
				8087DF7729899F2E003CDCD1 /* CalendarView.swift in Sources */,
				8087DF8129899F2F003CDCD1 /* SwiftCal.xcdatamodeld in Sources */,
				8087DF7529899F2E003CDCD1 /* SwiftCalApp.swift in Sources */,
			);
			runOnlyForDeploymentPostprocessing = 0;
		};
/* End PBXSourcesBuildPhase section */

/* Begin XCBuildConfiguration section */
		8087DF8229899F2F003CDCD1 /* Debug */ = {
			isa = XCBuildConfiguration;
			buildSettings = {
				ALWAYS_SEARCH_USER_PATHS = NO;
				CLANG_ANALYZER_NONNULL = YES;
				CLANG_ANALYZER_NUMBER_OBJECT_CONVERSION = YES_AGGRESSIVE;
				CLANG_CXX_LANGUAGE_STANDARD = "gnu++20";
				CLANG_ENABLE_MODULES = YES;
				CLANG_ENABLE_OBJC_ARC = YES;
				CLANG_ENABLE_OBJC_WEAK = YES;
				CLANG_WARN_BLOCK_CAPTURE_AUTORELEASING = YES;
				CLANG_WARN_BOOL_CONVERSION = YES;
				CLANG_WARN_COMMA = YES;
				CLANG_WARN_CONSTANT_CONVERSION = YES;
				CLANG_WARN_DEPRECATED_OBJC_IMPLEMENTATIONS = YES;
				CLANG_WARN_DIRECT_OBJC_ISA_USAGE = YES_ERROR;
				CLANG_WARN_DOCUMENTATION_COMMENTS = YES;
				CLANG_WARN_EMPTY_BODY = YES;
				CLANG_WARN_ENUM_CONVERSION = YES;
				CLANG_WARN_INFINITE_RECURSION = YES;
				CLANG_WARN_INT_CONVERSION = YES;
				CLANG_WARN_NON_LITERAL_NULL_CONVERSION = YES;
				CLANG_WARN_OBJC_IMPLICIT_RETAIN_SELF = YES;
				CLANG_WARN_OBJC_LITERAL_CONVERSION = YES;
				CLANG_WARN_OBJC_ROOT_CLASS = YES_ERROR;
				CLANG_WARN_QUOTED_INCLUDE_IN_FRAMEWORK_HEADER = YES;
				CLANG_WARN_RANGE_LOOP_ANALYSIS = YES;
				CLANG_WARN_STRICT_PROTOTYPES = YES;
				CLANG_WARN_SUSPICIOUS_MOVE = YES;
				CLANG_WARN_UNGUARDED_AVAILABILITY = YES_AGGRESSIVE;
				CLANG_WARN_UNREACHABLE_CODE = YES;
				CLANG_WARN__DUPLICATE_METHOD_MATCH = YES;
				COPY_PHASE_STRIP = NO;
				DEBUG_INFORMATION_FORMAT = dwarf;
				ENABLE_STRICT_OBJC_MSGSEND = YES;
				ENABLE_TESTABILITY = YES;
				GCC_C_LANGUAGE_STANDARD = gnu11;
				GCC_DYNAMIC_NO_PIC = NO;
				GCC_NO_COMMON_BLOCKS = YES;
				GCC_OPTIMIZATION_LEVEL = 0;
				GCC_PREPROCESSOR_DEFINITIONS = (
					"DEBUG=1",
					"$(inherited)",
				);
				GCC_WARN_64_TO_32_BIT_CONVERSION = YES;
				GCC_WARN_ABOUT_RETURN_TYPE = YES_ERROR;
				GCC_WARN_UNDECLARED_SELECTOR = YES;
				GCC_WARN_UNINITIALIZED_AUTOS = YES_AGGRESSIVE;
				GCC_WARN_UNUSED_FUNCTION = YES;
				GCC_WARN_UNUSED_VARIABLE = YES;
				IPHONEOS_DEPLOYMENT_TARGET = 16.0;
				MTL_ENABLE_DEBUG_INFO = INCLUDE_SOURCE;
				MTL_FAST_MATH = YES;
				ONLY_ACTIVE_ARCH = YES;
				SDKROOT = iphoneos;
				SWIFT_ACTIVE_COMPILATION_CONDITIONS = DEBUG;
				SWIFT_OPTIMIZATION_LEVEL = "-Onone";
			};
			name = Debug;
		};
		8087DF8329899F2F003CDCD1 /* Release */ = {
			isa = XCBuildConfiguration;
			buildSettings = {
				ALWAYS_SEARCH_USER_PATHS = NO;
				CLANG_ANALYZER_NONNULL = YES;
				CLANG_ANALYZER_NUMBER_OBJECT_CONVERSION = YES_AGGRESSIVE;
				CLANG_CXX_LANGUAGE_STANDARD = "gnu++20";
				CLANG_ENABLE_MODULES = YES;
				CLANG_ENABLE_OBJC_ARC = YES;
				CLANG_ENABLE_OBJC_WEAK = YES;
				CLANG_WARN_BLOCK_CAPTURE_AUTORELEASING = YES;
				CLANG_WARN_BOOL_CONVERSION = YES;
				CLANG_WARN_COMMA = YES;
				CLANG_WARN_CONSTANT_CONVERSION = YES;
				CLANG_WARN_DEPRECATED_OBJC_IMPLEMENTATIONS = YES;
				CLANG_WARN_DIRECT_OBJC_ISA_USAGE = YES_ERROR;
				CLANG_WARN_DOCUMENTATION_COMMENTS = YES;
				CLANG_WARN_EMPTY_BODY = YES;
				CLANG_WARN_ENUM_CONVERSION = YES;
				CLANG_WARN_INFINITE_RECURSION = YES;
				CLANG_WARN_INT_CONVERSION = YES;
				CLANG_WARN_NON_LITERAL_NULL_CONVERSION = YES;
				CLANG_WARN_OBJC_IMPLICIT_RETAIN_SELF = YES;
				CLANG_WARN_OBJC_LITERAL_CONVERSION = YES;
				CLANG_WARN_OBJC_ROOT_CLASS = YES_ERROR;
				CLANG_WARN_QUOTED_INCLUDE_IN_FRAMEWORK_HEADER = YES;
				CLANG_WARN_RANGE_LOOP_ANALYSIS = YES;
				CLANG_WARN_STRICT_PROTOTYPES = YES;
				CLANG_WARN_SUSPICIOUS_MOVE = YES;
				CLANG_WARN_UNGUARDED_AVAILABILITY = YES_AGGRESSIVE;
				CLANG_WARN_UNREACHABLE_CODE = YES;
				CLANG_WARN__DUPLICATE_METHOD_MATCH = YES;
				COPY_PHASE_STRIP = NO;
				DEBUG_INFORMATION_FORMAT = "dwarf-with-dsym";
				ENABLE_NS_ASSERTIONS = NO;
				ENABLE_STRICT_OBJC_MSGSEND = YES;
				GCC_C_LANGUAGE_STANDARD = gnu11;
				GCC_NO_COMMON_BLOCKS = YES;
				GCC_WARN_64_TO_32_BIT_CONVERSION = YES;
				GCC_WARN_ABOUT_RETURN_TYPE = YES_ERROR;
				GCC_WARN_UNDECLARED_SELECTOR = YES;
				GCC_WARN_UNINITIALIZED_AUTOS = YES_AGGRESSIVE;
				GCC_WARN_UNUSED_FUNCTION = YES;
				GCC_WARN_UNUSED_VARIABLE = YES;
				IPHONEOS_DEPLOYMENT_TARGET = 16.0;
				MTL_ENABLE_DEBUG_INFO = NO;
				MTL_FAST_MATH = YES;
				SDKROOT = iphoneos;
				SWIFT_COMPILATION_MODE = wholemodule;
				SWIFT_OPTIMIZATION_LEVEL = "-O";
				VALIDATE_PRODUCT = YES;
			};
			name = Release;
		};
		8087DF8529899F2F003CDCD1 /* Debug */ = {
			isa = XCBuildConfiguration;
			buildSettings = {
				ASSETCATALOG_COMPILER_APPICON_NAME = AppIcon;
				ASSETCATALOG_COMPILER_GLOBAL_ACCENT_COLOR_NAME = AccentColor;
				CODE_SIGN_STYLE = Automatic;
				CURRENT_PROJECT_VERSION = 1;
				DEVELOPMENT_ASSET_PATHS = "\"SwiftCal/Preview Content\"";
				DEVELOPMENT_TEAM = ZQDPVPQ343;
				ENABLE_PREVIEWS = YES;
				GENERATE_INFOPLIST_FILE = YES;
				INFOPLIST_KEY_UIApplicationSceneManifest_Generation = YES;
				INFOPLIST_KEY_UIApplicationSupportsIndirectInputEvents = YES;
				INFOPLIST_KEY_UILaunchScreen_Generation = YES;
				INFOPLIST_KEY_UISupportedInterfaceOrientations_iPad = "UIInterfaceOrientationPortrait UIInterfaceOrientationPortraitUpsideDown UIInterfaceOrientationLandscapeLeft UIInterfaceOrientationLandscapeRight";
				INFOPLIST_KEY_UISupportedInterfaceOrientations_iPhone = "UIInterfaceOrientationPortrait UIInterfaceOrientationLandscapeLeft UIInterfaceOrientationLandscapeRight";
				LD_RUNPATH_SEARCH_PATHS = (
					"$(inherited)",
					"@executable_path/Frameworks",
				);
				MARKETING_VERSION = 1.0;
				PRODUCT_BUNDLE_IDENTIFIER = code.josavicente.SwiftCal;
				PRODUCT_NAME = "$(TARGET_NAME)";
				SWIFT_EMIT_LOC_STRINGS = YES;
				SWIFT_VERSION = 5.0;
				TARGETED_DEVICE_FAMILY = "1,2";
			};
			name = Debug;
		};
		8087DF8629899F2F003CDCD1 /* Release */ = {
			isa = XCBuildConfiguration;
			buildSettings = {
				ASSETCATALOG_COMPILER_APPICON_NAME = AppIcon;
				ASSETCATALOG_COMPILER_GLOBAL_ACCENT_COLOR_NAME = AccentColor;
				CODE_SIGN_STYLE = Automatic;
				CURRENT_PROJECT_VERSION = 1;
				DEVELOPMENT_ASSET_PATHS = "\"SwiftCal/Preview Content\"";
				DEVELOPMENT_TEAM = ZQDPVPQ343;
				ENABLE_PREVIEWS = YES;
				GENERATE_INFOPLIST_FILE = YES;
				INFOPLIST_KEY_UIApplicationSceneManifest_Generation = YES;
				INFOPLIST_KEY_UIApplicationSupportsIndirectInputEvents = YES;
				INFOPLIST_KEY_UILaunchScreen_Generation = YES;
				INFOPLIST_KEY_UISupportedInterfaceOrientations_iPad = "UIInterfaceOrientationPortrait UIInterfaceOrientationPortraitUpsideDown UIInterfaceOrientationLandscapeLeft UIInterfaceOrientationLandscapeRight";
				INFOPLIST_KEY_UISupportedInterfaceOrientations_iPhone = "UIInterfaceOrientationPortrait UIInterfaceOrientationLandscapeLeft UIInterfaceOrientationLandscapeRight";
				LD_RUNPATH_SEARCH_PATHS = (
					"$(inherited)",
					"@executable_path/Frameworks",
				);
				MARKETING_VERSION = 1.0;
				PRODUCT_BUNDLE_IDENTIFIER = code.josavicente.SwiftCal;
				PRODUCT_NAME = "$(TARGET_NAME)";
				SWIFT_EMIT_LOC_STRINGS = YES;
				SWIFT_VERSION = 5.0;
				TARGETED_DEVICE_FAMILY = "1,2";
			};
			name = Release;
		};
/* End XCBuildConfiguration section */

/* Begin XCConfigurationList section */
		8087DF6C29899F2E003CDCD1 /* Build configuration list for PBXProject "SwiftCal" */ = {
			isa = XCConfigurationList;
			buildConfigurations = (
				8087DF8229899F2F003CDCD1 /* Debug */,
				8087DF8329899F2F003CDCD1 /* Release */,
			);
			defaultConfigurationIsVisible = 0;
			defaultConfigurationName = Release;
		};
		8087DF8429899F2F003CDCD1 /* Build configuration list for PBXNativeTarget "SwiftCal" */ = {
			isa = XCConfigurationList;
			buildConfigurations = (
				8087DF8529899F2F003CDCD1 /* Debug */,
				8087DF8629899F2F003CDCD1 /* Release */,
			);
			defaultConfigurationIsVisible = 0;
			defaultConfigurationName = Release;
		};
/* End XCConfigurationList section */

/* Begin XCVersionGroup section */
		8087DF7F29899F2F003CDCD1 /* SwiftCal.xcdatamodeld */ = {
			isa = XCVersionGroup;
			children = (
				8087DF8029899F2F003CDCD1 /* SwiftCal.xcdatamodel */,
			);
			currentVersion = 8087DF8029899F2F003CDCD1 /* SwiftCal.xcdatamodel */;
			path = SwiftCal.xcdatamodeld;
			sourceTree = "<group>";
			versionGroupType = wrapper.xcdatamodel;
		};
/* End XCVersionGroup section */
	};
	rootObject = 8087DF6929899F2E003CDCD1 /* Project object */;
}
